
Microsoft Visual Studio Solution File, Format Version 12.00
# Visual Studio Version 16
VisualStudioVersion = 16.0.30114.105
MinimumVisualStudioVersion = 10.0.40219.1
Project("{FAE04EC0-301F-11D3-BF4B-00C04F79EFBC}") = "console.test", "console.test\console.test.csproj", "{C82F89F7-49A6-4FD8-9FAE-8196F02890A8}"
EndProject
Project("{FAE04EC0-301F-11D3-BF4B-00C04F79EFBC}") = "core.db", "core.db\core.db.csproj", "{6788027D-F4B3-4FA6-B8B5-7AEC97290180}"
EndProject
Project("{FAE04EC0-301F-11D3-BF4B-00C04F79EFBC}") = "api", "api\api.csproj", "{D1A09033-758B-48D0-8837-55384F01374F}"
EndProject
Project("{FAE04EC0-301F-11D3-BF4B-00C04F79EFBC}") = "mediatr.cqrs", "mediatr.cqrs\mediatr.cqrs.csproj", "{B2ED757A-06AD-47BE-AB06-7FF0A4B0631F}"
EndProject
Global
	GlobalSection(SolutionConfigurationPlatforms) = preSolution
		Debug|Any CPU = Debug|Any CPU
		Release|Any CPU = Release|Any CPU
	EndGlobalSection
	GlobalSection(SolutionProperties) = preSolution
		HideSolutionNode = FALSE
	EndGlobalSection
	GlobalSection(ProjectConfigurationPlatforms) = postSolution
		{C82F89F7-49A6-4FD8-9FAE-8196F02890A8}.Debug|Any CPU.ActiveCfg = Debug|Any CPU
		{C82F89F7-49A6-4FD8-9FAE-8196F02890A8}.Debug|Any CPU.Build.0 = Debug|Any CPU
		{C82F89F7-49A6-4FD8-9FAE-8196F02890A8}.Release|Any CPU.ActiveCfg = Release|Any CPU
		{C82F89F7-49A6-4FD8-9FAE-8196F02890A8}.Release|Any CPU.Build.0 = Release|Any CPU
		{6788027D-F4B3-4FA6-B8B5-7AEC97290180}.Debug|Any CPU.ActiveCfg = Debug|Any CPU
		{6788027D-F4B3-4FA6-B8B5-7AEC97290180}.Debug|Any CPU.Build.0 = Debug|Any CPU
		{6788027D-F4B3-4FA6-B8B5-7AEC97290180}.Release|Any CPU.ActiveCfg = Release|Any CPU
		{6788027D-F4B3-4FA6-B8B5-7AEC97290180}.Release|Any CPU.Build.0 = Release|Any CPU
		{D1A09033-758B-48D0-8837-55384F01374F}.Debug|Any CPU.ActiveCfg = Debug|Any CPU
		{D1A09033-758B-48D0-8837-55384F01374F}.Debug|Any CPU.Build.0 = Debug|Any CPU
		{D1A09033-758B-48D0-8837-55384F01374F}.Release|Any CPU.ActiveCfg = Release|Any CPU
		{D1A09033-758B-48D0-8837-55384F01374F}.Release|Any CPU.Build.0 = Release|Any CPU
		{B2ED757A-06AD-47BE-AB06-7FF0A4B0631F}.Debug|Any CPU.ActiveCfg = Debug|Any CPU
		{B2ED757A-06AD-47BE-AB06-7FF0A4B0631F}.Debug|Any CPU.Build.0 = Debug|Any CPU
		{B2ED757A-06AD-47BE-AB06-7FF0A4B0631F}.Release|Any CPU.ActiveCfg = Release|Any CPU
		{B2ED757A-06AD-47BE-AB06-7FF0A4B0631F}.Release|Any CPU.Build.0 = Release|Any CPU
	EndGlobalSection
EndGlobal
